// !$*UTF8*$!
{
	archiveVersion = 1;
	classes = {
	};
	objectVersion = 50;
	objects = {

/* Begin PBXBuildFile section */
		BFA4D4512502FDF100608D58 /* AppDelegate.swift in Sources */ = {isa = PBXBuildFile; fileRef = BFA4D4502502FDF100608D58 /* AppDelegate.swift */; };
		BFA4D4532502FDF100608D58 /* SceneDelegate.swift in Sources */ = {isa = PBXBuildFile; fileRef = BFA4D4522502FDF100608D58 /* SceneDelegate.swift */; };
		BFA4D4552502FDF100608D58 /* ContentView.swift in Sources */ = {isa = PBXBuildFile; fileRef = BFA4D4542502FDF100608D58 /* ContentView.swift */; };
		BFA4D4572502FDF500608D58 /* Assets.xcassets in Resources */ = {isa = PBXBuildFile; fileRef = BFA4D4562502FDF500608D58 /* Assets.xcassets */; };
		BFA4D45A2502FDF500608D58 /* Preview Assets.xcassets in Resources */ = {isa = PBXBuildFile; fileRef = BFA4D4592502FDF500608D58 /* Preview Assets.xcassets */; };
		BFA4D45D2502FDF500608D58 /* LaunchScreen.storyboard in Resources */ = {isa = PBXBuildFile; fileRef = BFA4D45B2502FDF500608D58 /* LaunchScreen.storyboard */; };
		BFA4D4682502FDF500608D58 /* learnAppTests.swift in Sources */ = {isa = PBXBuildFile; fileRef = BFA4D4672502FDF500608D58 /* learnAppTests.swift */; };
		BFA4D4732502FDF500608D58 /* learnAppUITests.swift in Sources */ = {isa = PBXBuildFile; fileRef = BFA4D4722502FDF500608D58 /* learnAppUITests.swift */; };
/* End PBXBuildFile section */

/* Begin PBXContainerItemProxy section */
		BFA4D4642502FDF500608D58 /* PBXContainerItemProxy */ = {
			isa = PBXContainerItemProxy;
			containerPortal = BFA4D4452502FDF100608D58 /* Project object */;
			proxyType = 1;
			remoteGlobalIDString = BFA4D44C2502FDF100608D58;
			remoteInfo = learnApp;
		};
		BFA4D46F2502FDF500608D58 /* PBXContainerItemProxy */ = {
			isa = PBXContainerItemProxy;
			containerPortal = BFA4D4452502FDF100608D58 /* Project object */;
			proxyType = 1;
			remoteGlobalIDString = BFA4D44C2502FDF100608D58;
			remoteInfo = learnApp;
		};
/* End PBXContainerItemProxy section */

/* Begin PBXFileReference section */
		BFA4D44D2502FDF100608D58 /* learnApp.app */ = {isa = PBXFileReference; explicitFileType = wrapper.application; includeInIndex = 0; path = learnApp.app; sourceTree = BUILT_PRODUCTS_DIR; };
		BFA4D4502502FDF100608D58 /* AppDelegate.swift */ = {isa = PBXFileReference; lastKnownFileType = sourcecode.swift; path = AppDelegate.swift; sourceTree = "<group>"; };
		BFA4D4522502FDF100608D58 /* SceneDelegate.swift */ = {isa = PBXFileReference; lastKnownFileType = sourcecode.swift; path = SceneDelegate.swift; sourceTree = "<group>"; };
		BFA4D4542502FDF100608D58 /* ContentView.swift */ = {isa = PBXFileReference; lastKnownFileType = sourcecode.swift; path = ContentView.swift; sourceTree = "<group>"; };
		BFA4D4562502FDF500608D58 /* Assets.xcassets */ = {isa = PBXFileReference; lastKnownFileType = folder.assetcatalog; path = Assets.xcassets; sourceTree = "<group>"; };
		BFA4D4592502FDF500608D58 /* Preview Assets.xcassets */ = {isa = PBXFileReference; lastKnownFileType = folder.assetcatalog; path = "Preview Assets.xcassets"; sourceTree = "<group>"; };
		BFA4D45C2502FDF500608D58 /* Base */ = {isa = PBXFileReference; lastKnownFileType = file.storyboard; name = Base; path = Base.lproj/LaunchScreen.storyboard; sourceTree = "<group>"; };
		BFA4D45E2502FDF500608D58 /* Info.plist */ = {isa = PBXFileReference; lastKnownFileType = text.plist.xml; path = Info.plist; sourceTree = "<group>"; };
		BFA4D4632502FDF500608D58 /* learnAppTests.xctest */ = {isa = PBXFileReference; explicitFileType = wrapper.cfbundle; includeInIndex = 0; path = learnAppTests.xctest; sourceTree = BUILT_PRODUCTS_DIR; };
		BFA4D4672502FDF500608D58 /* learnAppTests.swift */ = {isa = PBXFileReference; lastKnownFileType = sourcecode.swift; path = learnAppTests.swift; sourceTree = "<group>"; };
		BFA4D4692502FDF500608D58 /* Info.plist */ = {isa = PBXFileReference; lastKnownFileType = text.plist.xml; path = Info.plist; sourceTree = "<group>"; };
		BFA4D46E2502FDF500608D58 /* learnAppUITests.xctest */ = {isa = PBXFileReference; explicitFileType = wrapper.cfbundle; includeInIndex = 0; path = learnAppUITests.xctest; sourceTree = BUILT_PRODUCTS_DIR; };
		BFA4D4722502FDF500608D58 /* learnAppUITests.swift */ = {isa = PBXFileReference; lastKnownFileType = sourcecode.swift; path = learnAppUITests.swift; sourceTree = "<group>"; };
		BFA4D4742502FDF500608D58 /* Info.plist */ = {isa = PBXFileReference; lastKnownFileType = text.plist.xml; path = Info.plist; sourceTree = "<group>"; };
/* End PBXFileReference section */

/* Begin PBXFrameworksBuildPhase section */
		BFA4D44A2502FDF100608D58 /* Frameworks */ = {
			isa = PBXFrameworksBuildPhase;
			buildActionMask = 2147483647;
			files = (
			);
			runOnlyForDeploymentPostprocessing = 0;
		};
		BFA4D4602502FDF500608D58 /* Frameworks */ = {
			isa = PBXFrameworksBuildPhase;
			buildActionMask = 2147483647;
			files = (
			);
			runOnlyForDeploymentPostprocessing = 0;
		};
		BFA4D46B2502FDF500608D58 /* Frameworks */ = {
			isa = PBXFrameworksBuildPhase;
			buildActionMask = 2147483647;
			files = (
			);
			runOnlyForDeploymentPostprocessing = 0;
		};
/* End PBXFrameworksBuildPhase section */

/* Begin PBXGroup section */
		BFA4D4442502FDF100608D58 = {
			isa = PBXGroup;
			children = (
				BFA4D44F2502FDF100608D58 /* learnApp */,
				BFA4D4662502FDF500608D58 /* learnAppTests */,
				BFA4D4712502FDF500608D58 /* learnAppUITests */,
				BFA4D44E2502FDF100608D58 /* Products */,
			);
			sourceTree = "<group>";
		};
		BFA4D44E2502FDF100608D58 /* Products */ = {
			isa = PBXGroup;
			children = (
				BFA4D44D2502FDF100608D58 /* learnApp.app */,
				BFA4D4632502FDF500608D58 /* learnAppTests.xctest */,
				BFA4D46E2502FDF500608D58 /* learnAppUITests.xctest */,
			);
			name = Products;
			sourceTree = "<group>";
		};
		BFA4D44F2502FDF100608D58 /* learnApp */ = {
			isa = PBXGroup;
			children = (
				BFA4D4502502FDF100608D58 /* AppDelegate.swift */,
				BFA4D4522502FDF100608D58 /* SceneDelegate.swift */,
				BFA4D4542502FDF100608D58 /* ContentView.swift */,
				BFA4D4562502FDF500608D58 /* Assets.xcassets */,
				BFA4D45B2502FDF500608D58 /* LaunchScreen.storyboard */,
				BFA4D45E2502FDF500608D58 /* Info.plist */,
				BFA4D4582502FDF500608D58 /* Preview Content */,
			);
			path = learnApp;
			sourceTree = "<group>";
		};
		BFA4D4582502FDF500608D58 /* Preview Content */ = {
			isa = PBXGroup;
			children = (
				BFA4D4592502FDF500608D58 /* Preview Assets.xcassets */,
			);
			path = "Preview Content";
			sourceTree = "<group>";
		};
		BFA4D4662502FDF500608D58 /* learnAppTests */ = {
			isa = PBXGroup;
			children = (
				BFA4D4672502FDF500608D58 /* learnAppTests.swift */,
				BFA4D4692502FDF500608D58 /* Info.plist */,
			);
			path = learnAppTests;
			sourceTree = "<group>";
		};
		BFA4D4712502FDF500608D58 /* learnAppUITests */ = {
			isa = PBXGroup;
			children = (
				BFA4D4722502FDF500608D58 /* learnAppUITests.swift */,
				BFA4D4742502FDF500608D58 /* Info.plist */,
			);
			path = learnAppUITests;
			sourceTree = "<group>";
		};
/* End PBXGroup section */

/* Begin PBXNativeTarget section */
		BFA4D44C2502FDF100608D58 /* learnApp */ = {
			isa = PBXNativeTarget;
			buildConfigurationList = BFA4D4772502FDF500608D58 /* Build configuration list for PBXNativeTarget "learnApp" */;
			buildPhases = (
				BFA4D4492502FDF100608D58 /* Sources */,
				BFA4D44A2502FDF100608D58 /* Frameworks */,
				BFA4D44B2502FDF100608D58 /* Resources */,
			);
			buildRules = (
			);
			dependencies = (
			);
			name = learnApp;
			productName = learnApp;
			productReference = BFA4D44D2502FDF100608D58 /* learnApp.app */;
			productType = "com.apple.product-type.application";
		};
		BFA4D4622502FDF500608D58 /* learnAppTests */ = {
			isa = PBXNativeTarget;
			buildConfigurationList = BFA4D47A2502FDF500608D58 /* Build configuration list for PBXNativeTarget "learnAppTests" */;
			buildPhases = (
				BFA4D45F2502FDF500608D58 /* Sources */,
				BFA4D4602502FDF500608D58 /* Frameworks */,
				BFA4D4612502FDF500608D58 /* Resources */,
			);
			buildRules = (
			);
			dependencies = (
				BFA4D4652502FDF500608D58 /* PBXTargetDependency */,
			);
			name = learnAppTests;
			productName = learnAppTests;
			productReference = BFA4D4632502FDF500608D58 /* learnAppTests.xctest */;
			productType = "com.apple.product-type.bundle.unit-test";
		};
		BFA4D46D2502FDF500608D58 /* learnAppUITests */ = {
			isa = PBXNativeTarget;
			buildConfigurationList = BFA4D47D2502FDF500608D58 /* Build configuration list for PBXNativeTarget "learnAppUITests" */;
			buildPhases = (
				BFA4D46A2502FDF500608D58 /* Sources */,
				BFA4D46B2502FDF500608D58 /* Frameworks */,
				BFA4D46C2502FDF500608D58 /* Resources */,
			);
			buildRules = (
			);
			dependencies = (
				BFA4D4702502FDF500608D58 /* PBXTargetDependency */,
			);
			name = learnAppUITests;
			productName = learnAppUITests;
			productReference = BFA4D46E2502FDF500608D58 /* learnAppUITests.xctest */;
			productType = "com.apple.product-type.bundle.ui-testing";
		};
/* End PBXNativeTarget section */

/* Begin PBXProject section */
		BFA4D4452502FDF100608D58 /* Project object */ = {
			isa = PBXProject;
			attributes = {
				LastSwiftUpdateCheck = 1130;
				LastUpgradeCheck = 1130;
				ORGANIZATIONNAME = GRADANA;
				TargetAttributes = {
					BFA4D44C2502FDF100608D58 = {
						CreatedOnToolsVersion = 11.3.1;
					};
					BFA4D4622502FDF500608D58 = {
						CreatedOnToolsVersion = 11.3.1;
						TestTargetID = BFA4D44C2502FDF100608D58;
					};
					BFA4D46D2502FDF500608D58 = {
						CreatedOnToolsVersion = 11.3.1;
						TestTargetID = BFA4D44C2502FDF100608D58;
					};
				};
			};
			buildConfigurationList = BFA4D4482502FDF100608D58 /* Build configuration list for PBXProject "learnApp" */;
			compatibilityVersion = "Xcode 9.3";
			developmentRegion = en;
			hasScannedForEncodings = 0;
			knownRegions = (
				en,
				Base,
			);
			mainGroup = BFA4D4442502FDF100608D58;
			productRefGroup = BFA4D44E2502FDF100608D58 /* Products */;
			projectDirPath = "";
			projectRoot = "";
			targets = (
				BFA4D44C2502FDF100608D58 /* learnApp */,
				BFA4D4622502FDF500608D58 /* learnAppTests */,
				BFA4D46D2502FDF500608D58 /* learnAppUITests */,
			);
		};
/* End PBXProject section */

/* Begin PBXResourcesBuildPhase section */
		BFA4D44B2502FDF100608D58 /* Resources */ = {
			isa = PBXResourcesBuildPhase;
			buildActionMask = 2147483647;
			files = (
				BFA4D45D2502FDF500608D58 /* LaunchScreen.storyboard in Resources */,
				BFA4D45A2502FDF500608D58 /* Preview Assets.xcassets in Resources */,
				BFA4D4572502FDF500608D58 /* Assets.xcassets in Resources */,
			);
			runOnlyForDeploymentPostprocessing = 0;
		};
		BFA4D4612502FDF500608D58 /* Resources */ = {
			isa = PBXResourcesBuildPhase;
			buildActionMask = 2147483647;
			files = (
			);
			runOnlyForDeploymentPostprocessing = 0;
		};
		BFA4D46C2502FDF500608D58 /* Resources */ = {
			isa = PBXResourcesBuildPhase;
			buildActionMask = 2147483647;
			files = (
			);
			runOnlyForDeploymentPostprocessing = 0;
		};
/* End PBXResourcesBuildPhase section */

/* Begin PBXSourcesBuildPhase section */
		BFA4D4492502FDF100608D58 /* Sources */ = {
			isa = PBXSourcesBuildPhase;
			buildActionMask = 2147483647;
			files = (
				BFA4D4512502FDF100608D58 /* AppDelegate.swift in Sources */,
				BFA4D4532502FDF100608D58 /* SceneDelegate.swift in Sources */,
				BFA4D4552502FDF100608D58 /* ContentView.swift in Sources */,
			);
			runOnlyForDeploymentPostprocessing = 0;
		};
		BFA4D45F2502FDF500608D58 /* Sources */ = {
			isa = PBXSourcesBuildPhase;
			buildActionMask = 2147483647;
			files = (
				BFA4D4682502FDF500608D58 /* learnAppTests.swift in Sources */,
			);
			runOnlyForDeploymentPostprocessing = 0;
		};
		BFA4D46A2502FDF500608D58 /* Sources */ = {
			isa = PBXSourcesBuildPhase;
			buildActionMask = 2147483647;
			files = (
				BFA4D4732502FDF500608D58 /* learnAppUITests.swift in Sources */,
			);
			runOnlyForDeploymentPostprocessing = 0;
		};
/* End PBXSourcesBuildPhase section */

/* Begin PBXTargetDependency section */
		BFA4D4652502FDF500608D58 /* PBXTargetDependency */ = {
			isa = PBXTargetDependency;
			target = BFA4D44C2502FDF100608D58 /* learnApp */;
			targetProxy = BFA4D4642502FDF500608D58 /* PBXContainerItemProxy */;
		};
		BFA4D4702502FDF500608D58 /* PBXTargetDependency */ = {
			isa = PBXTargetDependency;
			target = BFA4D44C2502FDF100608D58 /* learnApp */;
			targetProxy = BFA4D46F2502FDF500608D58 /* PBXContainerItemProxy */;
		};
/* End PBXTargetDependency section */

/* Begin PBXVariantGroup section */
		BFA4D45B2502FDF500608D58 /* LaunchScreen.storyboard */ = {
			isa = PBXVariantGroup;
			children = (
				BFA4D45C2502FDF500608D58 /* Base */,
			);
			name = LaunchScreen.storyboard;
			sourceTree = "<group>";
		};
/* End PBXVariantGroup section */

/* Begin XCBuildConfiguration section */
		BFA4D4752502FDF500608D58 /* Debug */ = {
			isa = XCBuildConfiguration;
			buildSettings = {
				ALWAYS_SEARCH_USER_PATHS = NO;
				CLANG_ANALYZER_NONNULL = YES;
				CLANG_ANALYZER_NUMBER_OBJECT_CONVERSION = YES_AGGRESSIVE;
				CLANG_CXX_LANGUAGE_STANDARD = "gnu++14";
				CLANG_CXX_LIBRARY = "libc++";
				CLANG_ENABLE_MODULES = YES;
				CLANG_ENABLE_OBJC_ARC = YES;
				CLANG_ENABLE_OBJC_WEAK = YES;
				CLANG_WARN_BLOCK_CAPTURE_AUTORELEASING = YES;
				CLANG_WARN_BOOL_CONVERSION = YES;
				CLANG_WARN_COMMA = YES;
				CLANG_WARN_CONSTANT_CONVERSION = YES;
				CLANG_WARN_DEPRECATED_OBJC_IMPLEMENTATIONS = YES;
				CLANG_WARN_DIRECT_OBJC_ISA_USAGE = YES_ERROR;
				CLANG_WARN_DOCUMENTATION_COMMENTS = YES;
				CLANG_WARN_EMPTY_BODY = YES;
				CLANG_WARN_ENUM_CONVERSION = YES;
				CLANG_WARN_INFINITE_RECURSION = YES;
				CLANG_WARN_INT_CONVERSION = YES;
				CLANG_WARN_NON_LITERAL_NULL_CONVERSION = YES;
				CLANG_WARN_OBJC_IMPLICIT_RETAIN_SELF = YES;
				CLANG_WARN_OBJC_LITERAL_CONVERSION = YES;
				CLANG_WARN_OBJC_ROOT_CLASS = YES_ERROR;
				CLANG_WARN_RANGE_LOOP_ANALYSIS = YES;
				CLANG_WARN_STRICT_PROTOTYPES = YES;
				CLANG_WARN_SUSPICIOUS_MOVE = YES;
				CLANG_WARN_UNGUARDED_AVAILABILITY = YES_AGGRESSIVE;
				CLANG_WARN_UNREACHABLE_CODE = YES;
				CLANG_WARN__DUPLICATE_METHOD_MATCH = YES;
				COPY_PHASE_STRIP = NO;
				DEBUG_INFORMATION_FORMAT = dwarf;
				ENABLE_STRICT_OBJC_MSGSEND = YES;
				ENABLE_TESTABILITY = YES;
				GCC_C_LANGUAGE_STANDARD = gnu11;
				GCC_DYNAMIC_NO_PIC = NO;
				GCC_NO_COMMON_BLOCKS = YES;
				GCC_OPTIMIZATION_LEVEL = 0;
				GCC_PREPROCESSOR_DEFINITIONS = (
					"DEBUG=1",
					"$(inherited)",
				);
				GCC_WARN_64_TO_32_BIT_CONVERSION = YES;
				GCC_WARN_ABOUT_RETURN_TYPE = YES_ERROR;
				GCC_WARN_UNDECLARED_SELECTOR = YES;
				GCC_WARN_UNINITIALIZED_AUTOS = YES_AGGRESSIVE;
				GCC_WARN_UNUSED_FUNCTION = YES;
				GCC_WARN_UNUSED_VARIABLE = YES;
				IPHONEOS_DEPLOYMENT_TARGET = 13.2;
				MTL_ENABLE_DEBUG_INFO = INCLUDE_SOURCE;
				MTL_FAST_MATH = YES;
				ONLY_ACTIVE_ARCH = YES;
				SDKROOT = iphoneos;
				SWIFT_ACTIVE_COMPILATION_CONDITIONS = DEBUG;
				SWIFT_OPTIMIZATION_LEVEL = "-Onone";
			};
			name = Debug;
		};
		BFA4D4762502FDF500608D58 /* Release */ = {
			isa = XCBuildConfiguration;
			buildSettings = {
				ALWAYS_SEARCH_USER_PATHS = NO;
				CLANG_ANALYZER_NONNULL = YES;
				CLANG_ANALYZER_NUMBER_OBJECT_CONVERSION = YES_AGGRESSIVE;
				CLANG_CXX_LANGUAGE_STANDARD = "gnu++14";
				CLANG_CXX_LIBRARY = "libc++";
				CLANG_ENABLE_MODULES = YES;
				CLANG_ENABLE_OBJC_ARC = YES;
				CLANG_ENABLE_OBJC_WEAK = YES;
				CLANG_WARN_BLOCK_CAPTURE_AUTORELEASING = YES;
				CLANG_WARN_BOOL_CONVERSION = YES;
				CLANG_WARN_COMMA = YES;
				CLANG_WARN_CONSTANT_CONVERSION = YES;
				CLANG_WARN_DEPRECATED_OBJC_IMPLEMENTATIONS = YES;
				CLANG_WARN_DIRECT_OBJC_ISA_USAGE = YES_ERROR;
				CLANG_WARN_DOCUMENTATION_COMMENTS = YES;
				CLANG_WARN_EMPTY_BODY = YES;
				CLANG_WARN_ENUM_CONVERSION = YES;
				CLANG_WARN_INFINITE_RECURSION = YES;
				CLANG_WARN_INT_CONVERSION = YES;
				CLANG_WARN_NON_LITERAL_NULL_CONVERSION = YES;
				CLANG_WARN_OBJC_IMPLICIT_RETAIN_SELF = YES;
				CLANG_WARN_OBJC_LITERAL_CONVERSION = YES;
				CLANG_WARN_OBJC_ROOT_CLASS = YES_ERROR;
				CLANG_WARN_RANGE_LOOP_ANALYSIS = YES;
				CLANG_WARN_STRICT_PROTOTYPES = YES;
				CLANG_WARN_SUSPICIOUS_MOVE = YES;
				CLANG_WARN_UNGUARDED_AVAILABILITY = YES_AGGRESSIVE;
				CLANG_WARN_UNREACHABLE_CODE = YES;
				CLANG_WARN__DUPLICATE_METHOD_MATCH = YES;
				COPY_PHASE_STRIP = NO;
				DEBUG_INFORMATION_FORMAT = "dwarf-with-dsym";
				ENABLE_NS_ASSERTIONS = NO;
				ENABLE_STRICT_OBJC_MSGSEND = YES;
				GCC_C_LANGUAGE_STANDARD = gnu11;
				GCC_NO_COMMON_BLOCKS = YES;
				GCC_WARN_64_TO_32_BIT_CONVERSION = YES;
				GCC_WARN_ABOUT_RETURN_TYPE = YES_ERROR;
				GCC_WARN_UNDECLARED_SELECTOR = YES;
				GCC_WARN_UNINITIALIZED_AUTOS = YES_AGGRESSIVE;
				GCC_WARN_UNUSED_FUNCTION = YES;
				GCC_WARN_UNUSED_VARIABLE = YES;
				IPHONEOS_DEPLOYMENT_TARGET = 13.2;
				MTL_ENABLE_DEBUG_INFO = NO;
				MTL_FAST_MATH = YES;
				SDKROOT = iphoneos;
				SWIFT_COMPILATION_MODE = wholemodule;
				SWIFT_OPTIMIZATION_LEVEL = "-O";
				VALIDATE_PRODUCT = YES;
			};
			name = Release;
		};
		BFA4D4782502FDF500608D58 /* Debug */ = {
			isa = XCBuildConfiguration;
			buildSettings = {
				ASSETCATALOG_COMPILER_APPICON_NAME = AppIcon;
				CODE_SIGN_STYLE = Automatic;
				DEVELOPMENT_ASSET_PATHS = "\"learnApp/Preview Content\"";
				ENABLE_PREVIEWS = YES;
				INFOPLIST_FILE = learnApp/Info.plist;
				IPHONEOS_DEPLOYMENT_TARGET = 13.0;
				LD_RUNPATH_SEARCH_PATHS = (
					"$(inherited)",
					"@executable_path/Frameworks",
				);
				PRODUCT_BUNDLE_IDENTIFIER = com.wahyu.learnApp;
				PRODUCT_NAME = "$(TARGET_NAME)";
				SWIFT_VERSION = 5.0;
				TARGETED_DEVICE_FAMILY = "1,2";
			};
			name = Debug;
		};
		BFA4D4792502FDF500608D58 /* Release */ = {
			isa = XCBuildConfiguration;
			buildSettings = {
				ASSETCATALOG_COMPILER_APPICON_NAME = AppIcon;
				CODE_SIGN_STYLE = Automatic;
				DEVELOPMENT_ASSET_PATHS = "\"learnApp/Preview Content\"";
				ENABLE_PREVIEWS = YES;
				INFOPLIST_FILE = learnApp/Info.plist;
				IPHONEOS_DEPLOYMENT_TARGET = 13.0;
				LD_RUNPATH_SEARCH_PATHS = (
					"$(inherited)",
					"@executable_path/Frameworks",
				);
				PRODUCT_BUNDLE_IDENTIFIER = com.wahyu.learnApp;
				PRODUCT_NAME = "$(TARGET_NAME)";
				SWIFT_VERSION = 5.0;
				TARGETED_DEVICE_FAMILY = "1,2";
			};
			name = Release;
		};
		BFA4D47B2502FDF500608D58 /* Debug */ = {
			isa = XCBuildConfiguration;
			buildSettings = {
				ALWAYS_EMBED_SWIFT_STANDARD_LIBRARIES = YES;
				BUNDLE_LOADER = "$(TEST_HOST)";
				CODE_SIGN_STYLE = Automatic;
				INFOPLIST_FILE = learnAppTests/Info.plist;
				IPHONEOS_DEPLOYMENT_TARGET = 13.2;
				LD_RUNPATH_SEARCH_PATHS = (
					"$(inherited)",
					"@executable_path/Frameworks",
					"@loader_path/Frameworks",
				);
				PRODUCT_BUNDLE_IDENTIFIER = com.wahyu.learnAppTests;
				PRODUCT_NAME = "$(TARGET_NAME)";
				SWIFT_VERSION = 5.0;
				TARGETED_DEVICE_FAMILY = "1,2";
				TEST_HOST = "$(BUILT_PRODUCTS_DIR)/learnApp.app/learnApp";
			};
			name = Debug;
		};
		BFA4D47C2502FDF500608D58 /* Release */ = {
			isa = XCBuildConfiguration;
			buildSettings = {
				ALWAYS_EMBED_SWIFT_STANDARD_LIBRARIES = YES;
				BUNDLE_LOADER = "$(TEST_HOST)";
				CODE_SIGN_STYLE = Automatic;
				INFOPLIST_FILE = learnAppTests/Info.plist;
				IPHONEOS_DEPLOYMENT_TARGET = 13.2;
				LD_RUNPATH_SEARCH_PATHS = (
					"$(inherited)",
					"@executable_path/Frameworks",
					"@loader_path/Frameworks",
				);
				PRODUCT_BUNDLE_IDENTIFIER = com.wahyu.learnAppTests;
				PRODUCT_NAME = "$(TARGET_NAME)";
				SWIFT_VERSION = 5.0;
				TARGETED_DEVICE_FAMILY = "1,2";
				TEST_HOST = "$(BUILT_PRODUCTS_DIR)/learnApp.app/learnApp";
			};
			name = Release;
		};
		BFA4D47E2502FDF500608D58 /* Debug */ = {
			isa = XCBuildConfiguration;
			buildSettings = {
				ALWAYS_EMBED_SWIFT_STANDARD_LIBRARIES = YES;
				CODE_SIGN_STYLE = Automatic;
				INFOPLIST_FILE = learnAppUITests/Info.plist;
				LD_RUNPATH_SEARCH_PATHS = (
					"$(inherited)",
					"@executable_path/Frameworks",
					"@loader_path/Frameworks",
				);
				PRODUCT_BUNDLE_IDENTIFIER = com.wahyu.learnAppUITests;
				PRODUCT_NAME = "$(TARGET_NAME)";
				SWIFT_VERSION = 5.0;
				TARGETED_DEVICE_FAMILY = "1,2";
				TEST_TARGET_NAME = learnApp;
			};
			name = Debug;
		};
		BFA4D47F2502FDF500608D58 /* Release */ = {
			isa = XCBuildConfiguration;
			buildSettings = {
				ALWAYS_EMBED_SWIFT_STANDARD_LIBRARIES = YES;
				CODE_SIGN_STYLE = Automatic;
				INFOPLIST_FILE = learnAppUITests/Info.plist;
				LD_RUNPATH_SEARCH_PATHS = (
					"$(inherited)",
					"@executable_path/Frameworks",
					"@loader_path/Frameworks",
				);
				PRODUCT_BUNDLE_IDENTIFIER = com.wahyu.learnAppUITests;
				PRODUCT_NAME = "$(TARGET_NAME)";
				SWIFT_VERSION = 5.0;
				TARGETED_DEVICE_FAMILY = "1,2";
				TEST_TARGET_NAME = learnApp;
			};
			name = Release;
		};
/* End XCBuildConfiguration section */

/* Begin XCConfigurationList section */
		BFA4D4482502FDF100608D58 /* Build configuration list for PBXProject "learnApp" */ = {
			isa = XCConfigurationList;
			buildConfigurations = (
				BFA4D4752502FDF500608D58 /* Debug */,
				BFA4D4762502FDF500608D58 /* Release */,
			);
			defaultConfigurationIsVisible = 0;
			defaultConfigurationName = Release;
		};
		BFA4D4772502FDF500608D58 /* Build configuration list for PBXNativeTarget "learnApp" */ = {
			isa = XCConfigurationList;
			buildConfigurations = (
				BFA4D4782502FDF500608D58 /* Debug */,
				BFA4D4792502FDF500608D58 /* Release */,
			);
			defaultConfigurationIsVisible = 0;
			defaultConfigurationName = Release;
		};
		BFA4D47A2502FDF500608D58 /* Build configuration list for PBXNativeTarget "learnAppTests" */ = {
			isa = XCConfigurationList;
			buildConfigurations = (
				BFA4D47B2502FDF500608D58 /* Debug */,
				BFA4D47C2502FDF500608D58 /* Release */,
			);
			defaultConfigurationIsVisible = 0;
			defaultConfigurationName = Release;
		};
		BFA4D47D2502FDF500608D58 /* Build configuration list for PBXNativeTarget "learnAppUITests" */ = {
			isa = XCConfigurationList;
			buildConfigurations = (
				BFA4D47E2502FDF500608D58 /* Debug */,
				BFA4D47F2502FDF500608D58 /* Release */,
			);
			defaultConfigurationIsVisible = 0;
			defaultConfigurationName = Release;
		};
/* End XCConfigurationList section */
	};
	rootObject = BFA4D4452502FDF100608D58 /* Project object */;
}
